// !$*UTF8*$!
{
	archiveVersion = 1;
	classes = {
	};
	objectVersion = 46;
	objects = {

/* Begin PBXBuildFile section */
		8705185F1DC629E400BE04F5 /* AppDelegate.swift in Sources */ = {isa = PBXBuildFile; fileRef = 8705185E1DC629E400BE04F5 /* AppDelegate.swift */; };
		870518611DC629E400BE04F5 /* ViewController.swift in Sources */ = {isa = PBXBuildFile; fileRef = 870518601DC629E400BE04F5 /* ViewController.swift */; };
		870518641DC629E400BE04F5 /* Main.storyboard in Resources */ = {isa = PBXBuildFile; fileRef = 870518621DC629E400BE04F5 /* Main.storyboard */; };
		870518661DC629E400BE04F5 /* Assets.xcassets in Resources */ = {isa = PBXBuildFile; fileRef = 870518651DC629E400BE04F5 /* Assets.xcassets */; };
		870518691DC629E400BE04F5 /* LaunchScreen.storyboard in Resources */ = {isa = PBXBuildFile; fileRef = 870518671DC629E400BE04F5 /* LaunchScreen.storyboard */; };
/* End PBXBuildFile section */

/* Begin PBXFileReference section */
		8705185B1DC629E400BE04F5 /* demo_album2.app */ = {isa = PBXFileReference; explicitFileType = wrapper.application; includeInIndex = 0; path = demo_album2.app; sourceTree = BUILT_PRODUCTS_DIR; };
		8705185E1DC629E400BE04F5 /* AppDelegate.swift */ = {isa = PBXFileReference; lastKnownFileType = sourcecode.swift; path = AppDelegate.swift; sourceTree = "<group>"; };
		870518601DC629E400BE04F5 /* ViewController.swift */ = {isa = PBXFileReference; lastKnownFileType = sourcecode.swift; path = ViewController.swift; sourceTree = "<group>"; };
		870518631DC629E400BE04F5 /* Base */ = {isa = PBXFileReference; lastKnownFileType = file.storyboard; name = Base; path = Base.lproj/Main.storyboard; sourceTree = "<group>"; };
		870518651DC629E400BE04F5 /* Assets.xcassets */ = {isa = PBXFileReference; lastKnownFileType = folder.assetcatalog; path = Assets.xcassets; sourceTree = "<group>"; };
		870518681DC629E400BE04F5 /* Base */ = {isa = PBXFileReference; lastKnownFileType = file.storyboard; name = Base; path = Base.lproj/LaunchScreen.storyboard; sourceTree = "<group>"; };
		8705186A1DC629E400BE04F5 /* Info.plist */ = {isa = PBXFileReference; lastKnownFileType = text.plist.xml; path = Info.plist; sourceTree = "<group>"; };
/* End PBXFileReference section */

/* Begin PBXFrameworksBuildPhase section */
		870518581DC629E400BE04F5 /* Frameworks */ = {
			isa = PBXFrameworksBuildPhase;
			buildActionMask = 2147483647;
			files = (
			);
			runOnlyForDeploymentPostprocessing = 0;
		};
/* End PBXFrameworksBuildPhase section */

/* Begin PBXGroup section */
		870518521DC629E400BE04F5 = {
			isa = PBXGroup;
			children = (
				8705185D1DC629E400BE04F5 /* demo_album2 */,
				8705185C1DC629E400BE04F5 /* Products */,
			);
			sourceTree = "<group>";
		};
		8705185C1DC629E400BE04F5 /* Products */ = {
			isa = PBXGroup;
			children = (
				8705185B1DC629E400BE04F5 /* demo_album2.app */,
			);
			name = Products;
			sourceTree = "<group>";
		};
		8705185D1DC629E400BE04F5 /* demo_album2 */ = {
			isa = PBXGroup;
			children = (
				8705185E1DC629E400BE04F5 /* AppDelegate.swift */,
				870518601DC629E400BE04F5 /* ViewController.swift */,
				870518621DC629E400BE04F5 /* Main.storyboard */,
				870518651DC629E400BE04F5 /* Assets.xcassets */,
				870518671DC629E400BE04F5 /* LaunchScreen.storyboard */,
				8705186A1DC629E400BE04F5 /* Info.plist */,
			);
			path = demo_album2;
			sourceTree = "<group>";
		};
/* End PBXGroup section */

/* Begin PBXNativeTarget section */
		8705185A1DC629E400BE04F5 /* demo_album2 */ = {
			isa = PBXNativeTarget;
			buildConfigurationList = 8705186D1DC629E400BE04F5 /* Build configuration list for PBXNativeTarget "demo_album2" */;
			buildPhases = (
				870518571DC629E400BE04F5 /* Sources */,
				870518581DC629E400BE04F5 /* Frameworks */,
				870518591DC629E400BE04F5 /* Resources */,
			);
			buildRules = (
			);
			dependencies = (
			);
			name = demo_album2;
			productName = demo_album2;
			productReference = 8705185B1DC629E400BE04F5 /* demo_album2.app */;
			productType = "com.apple.product-type.application";
		};
/* End PBXNativeTarget section */

/* Begin PBXProject section */
		870518531DC629E400BE04F5 /* Project object */ = {
			isa = PBXProject;
			attributes = {
				LastSwiftUpdateCheck = 0810;
				LastUpgradeCheck = 0810;
				ORGANIZATIONNAME = Tsaorick;
				TargetAttributes = {
					8705185A1DC629E400BE04F5 = {
						CreatedOnToolsVersion = 8.1;
						DevelopmentTeam = QXDX3VL4US;
						ProvisioningStyle = Automatic;
					};
				};
			};
			buildConfigurationList = 870518561DC629E400BE04F5 /* Build configuration list for PBXProject "demo_album2" */;
			compatibilityVersion = "Xcode 3.2";
			developmentRegion = English;
			hasScannedForEncodings = 0;
			knownRegions = (
				en,
				Base,
			);
			mainGroup = 870518521DC629E400BE04F5;
			productRefGroup = 8705185C1DC629E400BE04F5 /* Products */;
			projectDirPath = "";
			projectRoot = "";
			targets = (
				8705185A1DC629E400BE04F5 /* demo_album2 */,
			);
		};
/* End PBXProject section */

/* Begin PBXResourcesBuildPhase section */
		870518591DC629E400BE04F5 /* Resources */ = {
			isa = PBXResourcesBuildPhase;
			buildActionMask = 2147483647;
			files = (
				870518691DC629E400BE04F5 /* LaunchScreen.storyboard in Resources */,
				870518661DC629E400BE04F5 /* Assets.xcassets in Resources */,
				870518641DC629E400BE04F5 /* Main.storyboard in Resources */,
			);
			runOnlyForDeploymentPostprocessing = 0;
		};
/* End PBXResourcesBuildPhase section */

/* Begin PBXSourcesBuildPhase section */
		870518571DC629E400BE04F5 /* Sources */ = {
			isa = PBXSourcesBuildPhase;
			buildActionMask = 2147483647;
			files = (
				870518611DC629E400BE04F5 /* ViewController.swift in Sources */,
				8705185F1DC629E400BE04F5 /* AppDelegate.swift in Sources */,
			);
			runOnlyForDeploymentPostprocessing = 0;
		};
/* End PBXSourcesBuildPhase section */

/* Begin PBXVariantGroup section */
		870518621DC629E400BE04F5 /* Main.storyboard */ = {
			isa = PBXVariantGroup;
			children = (
				870518631DC629E400BE04F5 /* Base */,
			);
			name = Main.storyboard;
			sourceTree = "<group>";
		};
		870518671DC629E400BE04F5 /* LaunchScreen.storyboard */ = {
			isa = PBXVariantGroup;
			children = (
				870518681DC629E400BE04F5 /* Base */,
			);
			name = LaunchScreen.storyboard;
			sourceTree = "<group>";
		};
/* End PBXVariantGroup section */

/* Begin XCBuildConfiguration section */
		8705186B1DC629E400BE04F5 /* Debug */ = {
			isa = XCBuildConfiguration;
			buildSettings = {
				ALWAYS_SEARCH_USER_PATHS = NO;
				CLANG_ANALYZER_NONNULL = YES;
				CLANG_CXX_LANGUAGE_STANDARD = "gnu++0x";
				CLANG_CXX_LIBRARY = "libc++";
				CLANG_ENABLE_MODULES = YES;
				CLANG_ENABLE_OBJC_ARC = YES;
				CLANG_WARN_BOOL_CONVERSION = YES;
				CLANG_WARN_CONSTANT_CONVERSION = YES;
				CLANG_WARN_DIRECT_OBJC_ISA_USAGE = YES_ERROR;
				CLANG_WARN_DOCUMENTATION_COMMENTS = YES;
				CLANG_WARN_EMPTY_BODY = YES;
				CLANG_WARN_ENUM_CONVERSION = YES;
				CLANG_WARN_INFINITE_RECURSION = YES;
				CLANG_WARN_INT_CONVERSION = YES;
				CLANG_WARN_OBJC_ROOT_CLASS = YES_ERROR;
				CLANG_WARN_SUSPICIOUS_MOVES = YES;
				CLANG_WARN_UNREACHABLE_CODE = YES;
				CLANG_WARN__DUPLICATE_METHOD_MATCH = YES;
				"CODE_SIGN_IDENTITY[sdk=iphoneos*]" = "iPhone Developer";
				COPY_PHASE_STRIP = NO;
				DEBUG_INFORMATION_FORMAT = dwarf;
				ENABLE_STRICT_OBJC_MSGSEND = YES;
				ENABLE_TESTABILITY = YES;
				GCC_C_LANGUAGE_STANDARD = gnu99;
				GCC_DYNAMIC_NO_PIC = NO;
				GCC_NO_COMMON_BLOCKS = YES;
				GCC_OPTIMIZATION_LEVEL = 0;
				GCC_PREPROCESSOR_DEFINITIONS = (
					"DEBUG=1",
					"$(inherited)",
				);
				GCC_WARN_64_TO_32_BIT_CONVERSION = YES;
				GCC_WARN_ABOUT_RETURN_TYPE = YES_ERROR;
				GCC_WARN_UNDECLARED_SELECTOR = YES;
				GCC_WARN_UNINITIALIZED_AUTOS = YES_AGGRESSIVE;
				GCC_WARN_UNUSED_FUNCTION = YES;
				GCC_WARN_UNUSED_VARIABLE = YES;
				IPHONEOS_DEPLOYMENT_TARGET = 10.1;
				MTL_ENABLE_DEBUG_INFO = YES;
				ONLY_ACTIVE_ARCH = YES;
				SDKROOT = iphoneos;
				SWIFT_ACTIVE_COMPILATION_CONDITIONS = DEBUG;
				SWIFT_OPTIMIZATION_LEVEL = "-Onone";
			};
			name = Debug;
		};
		8705186C1DC629E400BE04F5 /* Release */ = {
			isa = XCBuildConfiguration;
			buildSettings = {
				ALWAYS_SEARCH_USER_PATHS = NO;
				CLANG_ANALYZER_NONNULL = YES;
				CLANG_CXX_LANGUAGE_STANDARD = "gnu++0x";
				CLANG_CXX_LIBRARY = "libc++";
				CLANG_ENABLE_MODULES = YES;
				CLANG_ENABLE_OBJC_ARC = YES;
				CLANG_WARN_BOOL_CONVERSION = YES;
				CLANG_WARN_CONSTANT_CONVERSION = YES;
				CLANG_WARN_DIRECT_OBJC_ISA_USAGE = YES_ERROR;
				CLANG_WARN_DOCUMENTATION_COMMENTS = YES;
				CLANG_WARN_EMPTY_BODY = YES;
				CLANG_WARN_ENUM_CONVERSION = YES;
				CLANG_WARN_INFINITE_RECURSION = YES;
				CLANG_WARN_INT_CONVERSION = YES;
				CLANG_WARN_OBJC_ROOT_CLASS = YES_ERROR;
				CLANG_WARN_SUSPICIOUS_MOVES = YES;
				CLANG_WARN_UNREACHABLE_CODE = YES;
				CLANG_WARN__DUPLICATE_METHOD_MATCH = YES;
				"CODE_SIGN_IDENTITY[sdk=iphoneos*]" = "iPhone Developer";
				COPY_PHASE_STRIP = NO;
				DEBUG_INFORMATION_FORMAT = "dwarf-with-dsym";
				ENABLE_NS_ASSERTIONS = NO;
				ENABLE_STRICT_OBJC_MSGSEND = YES;
				GCC_C_LANGUAGE_STANDARD = gnu99;
				GCC_NO_COMMON_BLOCKS = YES;
				GCC_WARN_64_TO_32_BIT_CONVERSION = YES;
				GCC_WARN_ABOUT_RETURN_TYPE = YES_ERROR;
				GCC_WARN_UNDECLARED_SELECTOR = YES;
				GCC_WARN_UNINITIALIZED_AUTOS = YES_AGGRESSIVE;
				GCC_WARN_UNUSED_FUNCTION = YES;
				GCC_WARN_UNUSED_VARIABLE = YES;
				IPHONEOS_DEPLOYMENT_TARGET = 10.1;
				MTL_ENABLE_DEBUG_INFO = NO;
				SDKROOT = iphoneos;
				SWIFT_OPTIMIZATION_LEVEL = "-Owholemodule";
				VALIDATE_PRODUCT = YES;
			};
			name = Release;
		};
		8705186E1DC629E400BE04F5 /* Debug */ = {
			isa = XCBuildConfiguration;
			buildSettings = {
				ASSETCATALOG_COMPILER_APPICON_NAME = AppIcon;
				"CODE_SIGN_IDENTITY[sdk=iphoneos*]" = "iPhone Developer";
				DEVELOPMENT_TEAM = QXDX3VL4US;
				INFOPLIST_FILE = demo_album2/Info.plist;
				LD_RUNPATH_SEARCH_PATHS = "$(inherited) @executable_path/Frameworks";
				PRODUCT_BUNDLE_IDENTIFIER = "com.Tsaorick.demo-album2";
				PRODUCT_NAME = "$(TARGET_NAME)";
				SWIFT_VERSION = 3.0;
			};
			name = Debug;
		};
		8705186F1DC629E400BE04F5 /* Release */ = {
			isa = XCBuildConfiguration;
			buildSettings = {
				ASSETCATALOG_COMPILER_APPICON_NAME = AppIcon;
				"CODE_SIGN_IDENTITY[sdk=iphoneos*]" = "iPhone Developer";
				DEVELOPMENT_TEAM = QXDX3VL4US;
				INFOPLIST_FILE = demo_album2/Info.plist;
				LD_RUNPATH_SEARCH_PATHS = "$(inherited) @executable_path/Frameworks";
				PRODUCT_BUNDLE_IDENTIFIER = "com.Tsaorick.demo-album2";
				PRODUCT_NAME = "$(TARGET_NAME)";
				SWIFT_VERSION = 3.0;
			};
			name = Release;
		};
/* End XCBuildConfiguration section */

/* Begin XCConfigurationList section */
		870518561DC629E400BE04F5 /* Build configuration list for PBXProject "demo_album2" */ = {
			isa = XCConfigurationList;
			buildConfigurations = (
				8705186B1DC629E400BE04F5 /* Debug */,
				8705186C1DC629E400BE04F5 /* Release */,
			);
			defaultConfigurationIsVisible = 0;
			defaultConfigurationName = Release;
		};
		8705186D1DC629E400BE04F5 /* Build configuration list for PBXNativeTarget "demo_album2" */ = {
			isa = XCConfigurationList;
			buildConfigurations = (
				8705186E1DC629E400BE04F5 /* Debug */,
				8705186F1DC629E400BE04F5 /* Release */,
			);
			defaultConfigurationIsVisible = 0;
		};
/* End XCConfigurationList section */
	};
	rootObject = 870518531DC629E400BE04F5 /* Project object */;
}
